
Microsoft Visual Studio Solution File, Format Version 12.00
# Visual Studio Version 17
VisualStudioVersion = 17.11.35312.102
MinimumVisualStudioVersion = 10.0.40219.1
Project("{FAE04EC0-301F-11D3-BF4B-00C04F79EFBC}") = "LearnChash", "LearnChash\LearnChash.csproj", "{1D5CED4D-6C29-4783-B23C-B6A573FE483D}"
EndProject
Global
	GlobalSection(SolutionConfigurationPlatforms) = preSolution
		Debug|Any CPU = Debug|Any CPU
		Release|Any CPU = Release|Any CPU
	EndGlobalSection
	GlobalSection(ProjectConfigurationPlatforms) = postSolution
		{1D5CED4D-6C29-4783-B23C-B6A573FE483D}.Debug|Any CPU.ActiveCfg = Debug|Any CPU
		{1D5CED4D-6C29-4783-B23C-B6A573FE483D}.Debug|Any CPU.Build.0 = Debug|Any CPU
		{1D5CED4D-6C29-4783-B23C-B6A573FE483D}.Release|Any CPU.ActiveCfg = Release|Any CPU
		{1D5CED4D-6C29-4783-B23C-B6A573FE483D}.Release|Any CPU.Build.0 = Release|Any CPU
	EndGlobalSection
	GlobalSection(SolutionProperties) = preSolution
		HideSolutionNode = FALSE
	EndGlobalSection
	GlobalSection(ExtensibilityGlobals) = postSolution
		SolutionGuid = {90B286E2-4503-43A2-8E4E-6E80EB176B89}
	EndGlobalSection
EndGlobal
